# This file is autogenerated, do not edit; changes may be undone by the next 'dep ensure'.


[[projects]]
  name = "github.com/acoshift/configfile"
  packages = [
    ".",
    "internal/reader"
  ]
  revision = "203dea81379c18d63418e4b2f97acc03eca7b2b7"
  version = "v1.2.0"

[[projects]]
  name = "github.com/acoshift/flash"
  packages = ["."]
  revision = "d8b6eafa9dff18a17ecebe034b6cba0af4fae5bc"
  version = "v0.3.1"

[[projects]]
  branch = "master"
  name = "github.com/acoshift/header"
  packages = ["."]
  revision = "5c88c77f50897ba89140829b44b9d96c5050ff5a"

[[projects]]
  name = "github.com/acoshift/hime"
  packages = ["."]
  revision = "503c45281cba4dfd960198a7f952a2740bffaeec"
  version = "v0.6.0"

[[projects]]
  name = "github.com/acoshift/httprouter"
  packages = ["."]
  revision = "fecd5a0a4ef0f46879ac1b1f5286156b2fd8b63b"
  version = "v2.1.0"

[[projects]]
  name = "github.com/acoshift/middleware"
  packages = ["."]
  revision = "eb528086425529ef1d014404066c11b3bfa15a92"
  version = "v0.2.0"

[[projects]]
  name = "github.com/acoshift/session"
  packages = [
    ".",
    "store/redis"
  ]
  revision = "fcedde64c281438580af916e3e09884e17a1495a"
  version = "v0.9.0"

[[projects]]
  name = "github.com/acoshift/webstatic"
  packages = ["."]
  revision = "88484c5af8505ca5dadc7db1a0cf0cf42e90b5dc"
  version = "v2.0.0"

[[projects]]
  name = "github.com/gomodule/redigo"
  packages = [
    "internal",
    "redis"
  ]
  revision = "9c11da706d9b7902c6da69c592f75637793fe121"
  version = "v2.0.0"

[[projects]]
  branch = "master"
  name = "github.com/lib/pq"
  packages = [
    ".",
    "oid"
  ]
  revision = "88edab0803230a3898347e77b474f8c1820a1f20"

[[projects]]
  name = "github.com/tdewolff/minify"
  packages = [
    ".",
    "css",
    "html",
    "js"
  ]
  revision = "222672169d634c440a73abc47685074e1a9daa60"
  version = "v2.3.4"

[[projects]]
  name = "github.com/tdewolff/parse"
  packages = [
    ".",
    "buffer",
    "css",
    "html",
    "js",
    "strconv"
  ]
  revision = "639f6272aec6b52094db77b9ec488214b0b4b1a1"
  version = "v2.3.2"

[[projects]]
  name = "gopkg.in/yaml.v2"
  packages = ["."]
  revision = "5420a8b6744d3b0345ab293f6fcba19c978f1183"
  version = "v2.2.1"

[solve-meta]
  analyzer-name = "dep"
  analyzer-version = 1
  inputs-digest = "d29f33c76996bb1d1f2ff7a5039151ef1f9d469e3eb7fda7be2cb00b9fe892d4"
  solver-name = "gps-cdcl"
  solver-version = 1
