# This file is autogenerated, do not edit; changes may be undone by the next 'dep ensure'.


[[projects]]
  name = "github.com/acoshift/configfile"
  packages = ["."]
  revision = "2c3aa5321b8695857ce46359da075e5cd2c050f5"
  version = "v1.1.0"

[[projects]]
  branch = "master"
  name = "github.com/acoshift/csrf"
  packages = ["."]
  revision = "535e29cd193bb8756530e74e298206a8e7324a57"

[[projects]]
  name = "github.com/acoshift/flash"
  packages = ["."]
  revision = "d8b6eafa9dff18a17ecebe034b6cba0af4fae5bc"
  version = "v0.3.1"

[[projects]]
  branch = "master"
  name = "github.com/acoshift/header"
  packages = ["."]
  revision = "5c88c77f50897ba89140829b44b9d96c5050ff5a"

[[projects]]
  name = "github.com/acoshift/hime"
  packages = ["."]
  revision = "d6710c0bad4db4ad4d53b521242cfc517034b83e"
  version = "v0.0.15"

[[projects]]
  name = "github.com/acoshift/httprouter"
  packages = ["."]
  revision = "fecd5a0a4ef0f46879ac1b1f5286156b2fd8b63b"
  version = "v2.1.0"

[[projects]]
  name = "github.com/acoshift/middleware"
  packages = ["."]
  revision = "eb528086425529ef1d014404066c11b3bfa15a92"
  version = "v0.2.0"

[[projects]]
  name = "github.com/acoshift/session"
  packages = [
    ".",
    "store/redis"
  ]
  revision = "73d03b64ce7ae0c68b36cace99ac6ca0e5e99450"
  version = "v0.6.0"

[[projects]]
  name = "github.com/acoshift/webstatic"
  packages = ["."]
  revision = "81f1897e65a6ba4534d8110692e5fca853027af7"
  version = "v1.0.0"

[[projects]]
  name = "github.com/garyburd/redigo"
  packages = [
    "internal",
    "redis"
  ]
  revision = "d1ed5c67e5794de818ea85e6b522fda02623a484"
  version = "v1.5.0"

[[projects]]
  branch = "master"
  name = "github.com/lib/pq"
  packages = [
    ".",
    "oid"
  ]
  revision = "88edab0803230a3898347e77b474f8c1820a1f20"

[[projects]]
  name = "github.com/tdewolff/minify"
  packages = [
    ".",
    "css",
    "html",
    "js"
  ]
  revision = "222672169d634c440a73abc47685074e1a9daa60"
  version = "v2.3.4"

[[projects]]
  name = "github.com/tdewolff/parse"
  packages = [
    ".",
    "buffer",
    "css",
    "html",
    "js",
    "strconv"
  ]
  revision = "639f6272aec6b52094db77b9ec488214b0b4b1a1"
  version = "v2.3.2"

[solve-meta]
  analyzer-name = "dep"
  analyzer-version = 1
  inputs-digest = "b25ffbbb92a9bb20b82f48076d9a33fd91db89d2cdcd2455da9b06d21ffd9619"
  solver-name = "gps-cdcl"
  solver-version = 1
